
Microsoft Visual Studio Solution File, Format Version 12.00
# Visual Studio Version 17
VisualStudioVersion = 17.8.34330.188
MinimumVisualStudioVersion = 10.0.40219.1
Project("{9A19103F-16F7-4668-BE54-9A1E7A4F7556}") = "WpfApp1IP", "WpfApp1IP\WpfApp1IP.csproj", "{60567F43-DB2E-45C7-B52D-7FE9C1FCD9DF}"
EndProject
Project("{54435603-DBB4-11D2-8724-00A0C9A8B90C}") = "Setup1", "Setup1\Setup1.vdproj", "{74658BE9-3999-4E25-B959-31A0772F9C0A}"
EndProject
Global
	GlobalSection(SolutionConfigurationPlatforms) = preSolution
		Debug|Any CPU = Debug|Any CPU
		Release|Any CPU = Release|Any CPU
	EndGlobalSection
	GlobalSection(ProjectConfigurationPlatforms) = postSolution
		{60567F43-DB2E-45C7-B52D-7FE9C1FCD9DF}.Debug|Any CPU.ActiveCfg = Debug|Any CPU
		{60567F43-DB2E-45C7-B52D-7FE9C1FCD9DF}.Debug|Any CPU.Build.0 = Debug|Any CPU
		{60567F43-DB2E-45C7-B52D-7FE9C1FCD9DF}.Release|Any CPU.ActiveCfg = Release|Any CPU
		{60567F43-DB2E-45C7-B52D-7FE9C1FCD9DF}.Release|Any CPU.Build.0 = Release|Any CPU
		{74658BE9-3999-4E25-B959-31A0772F9C0A}.Debug|Any CPU.ActiveCfg = Debug
		{74658BE9-3999-4E25-B959-31A0772F9C0A}.Release|Any CPU.ActiveCfg = Release
	EndGlobalSection
	GlobalSection(SolutionProperties) = preSolution
		HideSolutionNode = FALSE
	EndGlobalSection
	GlobalSection(ExtensibilityGlobals) = postSolution
		SolutionGuid = {8C166A44-CA89-45A0-82F4-2A476D926FD5}
	EndGlobalSection
EndGlobal
